
Microsoft Visual Studio Solution File, Format Version 12.00
# Visual Studio Version 17
VisualStudioVersion = 17.8.34511.84
MinimumVisualStudioVersion = 10.0.40219.1
Project("{FAE04EC0-301F-11D3-BF4B-00C04F79EFBC}") = "ProgramaHospital", "Hospital\ProgramaHospital.csproj", "{07EAA275-A8B9-4941-8F58-37D14A9D2F5D}"
EndProject
Global
	GlobalSection(SolutionConfigurationPlatforms) = preSolution
		Debug|Any CPU = Debug|Any CPU
		Release|Any CPU = Release|Any CPU
	EndGlobalSection
	GlobalSection(ProjectConfigurationPlatforms) = postSolution
		{07EAA275-A8B9-4941-8F58-37D14A9D2F5D}.Debug|Any CPU.ActiveCfg = Debug|Any CPU
		{07EAA275-A8B9-4941-8F58-37D14A9D2F5D}.Debug|Any CPU.Build.0 = Debug|Any CPU
		{07EAA275-A8B9-4941-8F58-37D14A9D2F5D}.Release|Any CPU.ActiveCfg = Release|Any CPU
		{07EAA275-A8B9-4941-8F58-37D14A9D2F5D}.Release|Any CPU.Build.0 = Release|Any CPU
	EndGlobalSection
	GlobalSection(SolutionProperties) = preSolution
		HideSolutionNode = FALSE
	EndGlobalSection
	GlobalSection(ExtensibilityGlobals) = postSolution
		SolutionGuid = {EC6CC7A1-65E1-4A53-92E9-45357FA9E271}
	EndGlobalSection
EndGlobal
